
Microsoft Visual Studio Solution File, Format Version 12.00
# Visual Studio Version 17
VisualStudioVersion = 17.4.33205.214
MinimumVisualStudioVersion = 10.0.40219.1
Project("{FAE04EC0-301F-11D3-BF4B-00C04F79EFBC}") = "IACSD DEMO", "IACSD DEMO\IACSD DEMO.csproj", "{5AE12836-A23D-4169-A57E-B939E0891A22}"
EndProject
Global
	GlobalSection(SolutionConfigurationPlatforms) = preSolution
		Debug|Any CPU = Debug|Any CPU
		Release|Any CPU = Release|Any CPU
	EndGlobalSection
	GlobalSection(ProjectConfigurationPlatforms) = postSolution
		{5AE12836-A23D-4169-A57E-B939E0891A22}.Debug|Any CPU.ActiveCfg = Debug|Any CPU
		{5AE12836-A23D-4169-A57E-B939E0891A22}.Debug|Any CPU.Build.0 = Debug|Any CPU
		{5AE12836-A23D-4169-A57E-B939E0891A22}.Release|Any CPU.ActiveCfg = Release|Any CPU
		{5AE12836-A23D-4169-A57E-B939E0891A22}.Release|Any CPU.Build.0 = Release|Any CPU
	EndGlobalSection
	GlobalSection(SolutionProperties) = preSolution
		HideSolutionNode = FALSE
	EndGlobalSection
	GlobalSection(ExtensibilityGlobals) = postSolution
		SolutionGuid = {B0F3B084-F9E8-4F35-91BE-FDCE685D473F}
	EndGlobalSection
EndGlobal
